
Microsoft Visual Studio Solution File, Format Version 12.00
# Visual Studio Version 17
VisualStudioVersion = 17.5.33424.131
MinimumVisualStudioVersion = 10.0.40219.1
Project("{2150E333-8FDC-42A3-9474-1A3956D46DE8}") = "Core", "Core", "{85F3CC61-192F-42E4-8089-C94BA9330F0D}"
EndProject
Project("{2150E333-8FDC-42A3-9474-1A3956D46DE8}") = "Infrustructure", "Infrustructure", "{9F563CDB-B64A-4332-AFD7-11AC485DAEDB}"
EndProject
Project("{2150E333-8FDC-42A3-9474-1A3956D46DE8}") = "UI", "UI", "{E4764574-6FEA-4A10-B0C1-8F17950BFEEA}"
EndProject
Project("{9A19103F-16F7-4668-BE54-9A1E7A4F7556}") = "Shop.Application", "Shop.Application\Shop.Application.csproj", "{211662B1-32F9-43BD-80FF-31B78DCEB6CB}"
EndProject
Project("{9A19103F-16F7-4668-BE54-9A1E7A4F7556}") = "Shop.Domain", "Shop.Domain\Shop.Domain.csproj", "{2D2B132E-0BD3-42F0-BFC4-CBAD45749E17}"
EndProject
Project("{9A19103F-16F7-4668-BE54-9A1E7A4F7556}") = "Shop.Web", "Shop.Web\Shop.Web.csproj", "{09657557-CDAA-4EEC-B08E-E100309602E7}"
EndProject
Project("{9A19103F-16F7-4668-BE54-9A1E7A4F7556}") = "Shop.Infrastructure", "Shop.Infrastructure\Shop.Infrastructure.csproj", "{A29F9A88-CE31-446E-B533-9F7020C63C80}"
EndProject
Project("{9A19103F-16F7-4668-BE54-9A1E7A4F7556}") = "Shop.Persistence", "Shop.Persistence\Shop.Persistence.csproj", "{25ED9192-6A0E-46A4-BC5A-FC5319EF07C8}"
EndProject
Global
	GlobalSection(SolutionConfigurationPlatforms) = preSolution
		Debug|Any CPU = Debug|Any CPU
		Release|Any CPU = Release|Any CPU
	EndGlobalSection
	GlobalSection(ProjectConfigurationPlatforms) = postSolution
		{211662B1-32F9-43BD-80FF-31B78DCEB6CB}.Debug|Any CPU.ActiveCfg = Debug|Any CPU
		{211662B1-32F9-43BD-80FF-31B78DCEB6CB}.Debug|Any CPU.Build.0 = Debug|Any CPU
		{211662B1-32F9-43BD-80FF-31B78DCEB6CB}.Release|Any CPU.ActiveCfg = Release|Any CPU
		{211662B1-32F9-43BD-80FF-31B78DCEB6CB}.Release|Any CPU.Build.0 = Release|Any CPU
		{2D2B132E-0BD3-42F0-BFC4-CBAD45749E17}.Debug|Any CPU.ActiveCfg = Debug|Any CPU
		{2D2B132E-0BD3-42F0-BFC4-CBAD45749E17}.Debug|Any CPU.Build.0 = Debug|Any CPU
		{2D2B132E-0BD3-42F0-BFC4-CBAD45749E17}.Release|Any CPU.ActiveCfg = Release|Any CPU
		{2D2B132E-0BD3-42F0-BFC4-CBAD45749E17}.Release|Any CPU.Build.0 = Release|Any CPU
		{09657557-CDAA-4EEC-B08E-E100309602E7}.Debug|Any CPU.ActiveCfg = Debug|Any CPU
		{09657557-CDAA-4EEC-B08E-E100309602E7}.Debug|Any CPU.Build.0 = Debug|Any CPU
		{09657557-CDAA-4EEC-B08E-E100309602E7}.Release|Any CPU.ActiveCfg = Release|Any CPU
		{09657557-CDAA-4EEC-B08E-E100309602E7}.Release|Any CPU.Build.0 = Release|Any CPU
		{A29F9A88-CE31-446E-B533-9F7020C63C80}.Debug|Any CPU.ActiveCfg = Debug|Any CPU
		{A29F9A88-CE31-446E-B533-9F7020C63C80}.Debug|Any CPU.Build.0 = Debug|Any CPU
		{A29F9A88-CE31-446E-B533-9F7020C63C80}.Release|Any CPU.ActiveCfg = Release|Any CPU
		{A29F9A88-CE31-446E-B533-9F7020C63C80}.Release|Any CPU.Build.0 = Release|Any CPU
		{25ED9192-6A0E-46A4-BC5A-FC5319EF07C8}.Debug|Any CPU.ActiveCfg = Debug|Any CPU
		{25ED9192-6A0E-46A4-BC5A-FC5319EF07C8}.Debug|Any CPU.Build.0 = Debug|Any CPU
		{25ED9192-6A0E-46A4-BC5A-FC5319EF07C8}.Release|Any CPU.ActiveCfg = Release|Any CPU
		{25ED9192-6A0E-46A4-BC5A-FC5319EF07C8}.Release|Any CPU.Build.0 = Release|Any CPU
	EndGlobalSection
	GlobalSection(SolutionProperties) = preSolution
		HideSolutionNode = FALSE
	EndGlobalSection
	GlobalSection(NestedProjects) = preSolution
		{211662B1-32F9-43BD-80FF-31B78DCEB6CB} = {85F3CC61-192F-42E4-8089-C94BA9330F0D}
		{2D2B132E-0BD3-42F0-BFC4-CBAD45749E17} = {85F3CC61-192F-42E4-8089-C94BA9330F0D}
		{09657557-CDAA-4EEC-B08E-E100309602E7} = {E4764574-6FEA-4A10-B0C1-8F17950BFEEA}
		{A29F9A88-CE31-446E-B533-9F7020C63C80} = {9F563CDB-B64A-4332-AFD7-11AC485DAEDB}
		{25ED9192-6A0E-46A4-BC5A-FC5319EF07C8} = {9F563CDB-B64A-4332-AFD7-11AC485DAEDB}
	EndGlobalSection
	GlobalSection(ExtensibilityGlobals) = postSolution
		SolutionGuid = {81A3F60E-AD5D-487D-B707-70501B5B59BC}
	EndGlobalSection
EndGlobal
